PODS:
  - BigInt (4.0.0)
  - BlockChainKit (1.4.3):
    - BigInt (~> 4.0.0)
    - CryptoSwift (~> 1.0.0)
    - secp256k1.swift (~> 0.1.0)
  - CryptoSwift (1.0.0)
  - secp256k1.swift (0.1.4)

DEPENDENCIES:
  - BlockChainKit (from `../`)

SPEC REPOS:
  trunk:
    - BigInt
    - CryptoSwift
    - secp256k1.swift

EXTERNAL SOURCES:
  BlockChainKit:
    :path: "../"

SPEC CHECKSUMS:
  BigInt: 2aad1a9942dc932ec8b84290d2c564a3d76f97ab
  BlockChainKit: 73d1c6272e7bd7980d95f4ce34a84a267e5aced3
  CryptoSwift: d81eeaa59dc5a8d03720fe919a6fd07b51f7439f
  secp256k1.swift: a7e7a214f6db6ce5db32cc6b2b45e5c4dd633634

PODFILE CHECKSUM: b9359c0b5fd6a580695e871a28d370d55dc96e0b

COCOAPODS: 1.8.4
